
Microsoft Visual Studio Solution File, Format Version 12.00
# Visual Studio 2013
VisualStudioVersion = 12.0.21005.1
MinimumVisualStudioVersion = 10.0.40219.1
Project("{FAE04EC0-301F-11D3-BF4B-00C04F79EFBC}") = "MaestroDetalleCodeFirstEFWpfApp", "MaestroDetalleCodeFirstEFWpfApp\MaestroDetalleCodeFirstEFWpfApp.csproj", "{1AED7938-DC48-43B5-9645-09ED28DDBE25}"
EndProject
Project("{FAE04EC0-301F-11D3-BF4B-00C04F79EFBC}") = "MaestroDetalleDataFirstEFWpfApp", "MaestroDetalleDataFirstEFWpfApp\MaestroDetalleDataFirstEFWpfApp.csproj", "{1F98F108-3553-4271-8328-B13617D8DC4D}"
EndProject
Global
	GlobalSection(TeamFoundationVersionControl) = preSolution
		SccNumberOfProjects = 3
		SccEnterpriseProvider = {4CA58AB2-18FA-4F8D-95D4-32DDF27D184C}
		SccTeamFoundationServer = http://ginebra.ual.es:8080/tfs/2013-dra
		SccLocalPath0 = .
		SccProjectUniqueName1 = MaestroDetalleCodeFirstEFWpfApp\\MaestroDetalleCodeFirstEFWpfApp.csproj
		SccProjectName1 = MaestroDetalleCodeFirstEFWpfApp
		SccLocalPath1 = MaestroDetalleCodeFirstEFWpfApp
		SccProjectUniqueName2 = MaestroDetalleDataFirstEFWpfApp\\MaestroDetalleDataFirstEFWpfApp.csproj
		SccProjectName2 = MaestroDetalleDataFirstEFWpfApp
		SccLocalPath2 = MaestroDetalleDataFirstEFWpfApp
	EndGlobalSection
	GlobalSection(SolutionConfigurationPlatforms) = preSolution
		Debug|Any CPU = Debug|Any CPU
		Release|Any CPU = Release|Any CPU
	EndGlobalSection
	GlobalSection(ProjectConfigurationPlatforms) = postSolution
		{1AED7938-DC48-43B5-9645-09ED28DDBE25}.Debug|Any CPU.ActiveCfg = Debug|Any CPU
		{1AED7938-DC48-43B5-9645-09ED28DDBE25}.Debug|Any CPU.Build.0 = Debug|Any CPU
		{1AED7938-DC48-43B5-9645-09ED28DDBE25}.Release|Any CPU.ActiveCfg = Release|Any CPU
		{1AED7938-DC48-43B5-9645-09ED28DDBE25}.Release|Any CPU.Build.0 = Release|Any CPU
		{1F98F108-3553-4271-8328-B13617D8DC4D}.Debug|Any CPU.ActiveCfg = Debug|Any CPU
		{1F98F108-3553-4271-8328-B13617D8DC4D}.Debug|Any CPU.Build.0 = Debug|Any CPU
		{1F98F108-3553-4271-8328-B13617D8DC4D}.Release|Any CPU.ActiveCfg = Release|Any CPU
		{1F98F108-3553-4271-8328-B13617D8DC4D}.Release|Any CPU.Build.0 = Release|Any CPU
	EndGlobalSection
	GlobalSection(SolutionProperties) = preSolution
		HideSolutionNode = FALSE
	EndGlobalSection
EndGlobal
