
Microsoft Visual Studio Solution File, Format Version 12.00
# Visual Studio 2013
VisualStudioVersion = 12.0.21005.1
MinimumVisualStudioVersion = 10.0.40219.1
Project("{FAE04EC0-301F-11D3-BF4B-00C04F79EFBC}") = "EFMVVMWpfApp", "EFMVVMWpfApp\EFMVVMWpfApp.csproj", "{27F09D83-4FF0-42C3-A32D-1C5A5499596A}"
EndProject
Project("{FAE04EC0-301F-11D3-BF4B-00C04F79EFBC}") = "EFMVVMClassLibrary", "EFMVVMClassLibrary\EFMVVMClassLibrary.csproj", "{592D5CEB-C2CF-4F7F-9FFD-B6E07B26B191}"
EndProject
Project("{FAE04EC0-301F-11D3-BF4B-00C04F79EFBC}") = "EFWpfApp", "EFWpfApp\EFWpfApp.csproj", "{1B059298-F821-40C4-A35B-D2AE758FBC3E}"
EndProject
Global
	GlobalSection(TeamFoundationVersionControl) = preSolution
		SccNumberOfProjects = 4
		SccEnterpriseProvider = {4CA58AB2-18FA-4F8D-95D4-32DDF27D184C}
		SccTeamFoundationServer = http://ginebra.ual.es:8080/tfs/2013-dra
		SccLocalPath0 = .
		SccProjectUniqueName1 = EFMVVMWpfApp\\EFMVVMWpfApp.csproj
		SccProjectName1 = EFMVVMWpfApp
		SccLocalPath1 = EFMVVMWpfApp
		SccProjectUniqueName2 = EFMVVMClassLibrary\\EFMVVMClassLibrary.csproj
		SccProjectName2 = EFMVVMClassLibrary
		SccLocalPath2 = EFMVVMClassLibrary
		SccProjectUniqueName3 = EFWpfApp\\EFWpfApp.csproj
		SccProjectName3 = EFWpfApp
		SccLocalPath3 = EFWpfApp
	EndGlobalSection
	GlobalSection(SolutionConfigurationPlatforms) = preSolution
		Debug|Any CPU = Debug|Any CPU
		Release|Any CPU = Release|Any CPU
	EndGlobalSection
	GlobalSection(ProjectConfigurationPlatforms) = postSolution
		{27F09D83-4FF0-42C3-A32D-1C5A5499596A}.Debug|Any CPU.ActiveCfg = Debug|Any CPU
		{27F09D83-4FF0-42C3-A32D-1C5A5499596A}.Debug|Any CPU.Build.0 = Debug|Any CPU
		{27F09D83-4FF0-42C3-A32D-1C5A5499596A}.Release|Any CPU.ActiveCfg = Release|Any CPU
		{27F09D83-4FF0-42C3-A32D-1C5A5499596A}.Release|Any CPU.Build.0 = Release|Any CPU
		{592D5CEB-C2CF-4F7F-9FFD-B6E07B26B191}.Debug|Any CPU.ActiveCfg = Debug|Any CPU
		{592D5CEB-C2CF-4F7F-9FFD-B6E07B26B191}.Debug|Any CPU.Build.0 = Debug|Any CPU
		{592D5CEB-C2CF-4F7F-9FFD-B6E07B26B191}.Release|Any CPU.ActiveCfg = Release|Any CPU
		{592D5CEB-C2CF-4F7F-9FFD-B6E07B26B191}.Release|Any CPU.Build.0 = Release|Any CPU
		{1B059298-F821-40C4-A35B-D2AE758FBC3E}.Debug|Any CPU.ActiveCfg = Debug|Any CPU
		{1B059298-F821-40C4-A35B-D2AE758FBC3E}.Debug|Any CPU.Build.0 = Debug|Any CPU
		{1B059298-F821-40C4-A35B-D2AE758FBC3E}.Release|Any CPU.ActiveCfg = Release|Any CPU
		{1B059298-F821-40C4-A35B-D2AE758FBC3E}.Release|Any CPU.Build.0 = Release|Any CPU
	EndGlobalSection
	GlobalSection(SolutionProperties) = preSolution
		HideSolutionNode = FALSE
	EndGlobalSection
EndGlobal
