
Microsoft Visual Studio Solution File, Format Version 12.00
# Visual Studio 15
VisualStudioVersion = 15.0.27703.2018
MinimumVisualStudioVersion = 10.0.40219.1
Project("{FAE04EC0-301F-11D3-BF4B-00C04F79EFBC}") = "SaludoMVVMWpfApplication", "SaludoMVVMWpfApplication\SaludoMVVMWpfApplication.csproj", "{827DD47C-7A7F-4320-A87C-094D2CD72D2A}"
EndProject
Project("{FAE04EC0-301F-11D3-BF4B-00C04F79EFBC}") = "SumaMVVMWpfApplication", "SumaMVVMWpfApplication\SumaMVVMWpfApplication.csproj", "{09A0657A-25C7-4829-A0DF-EA0EB235225D}"
EndProject
Global
	GlobalSection(SolutionConfigurationPlatforms) = preSolution
		Debug|Any CPU = Debug|Any CPU
		Release|Any CPU = Release|Any CPU
	EndGlobalSection
	GlobalSection(ProjectConfigurationPlatforms) = postSolution
		{827DD47C-7A7F-4320-A87C-094D2CD72D2A}.Debug|Any CPU.ActiveCfg = Debug|Any CPU
		{827DD47C-7A7F-4320-A87C-094D2CD72D2A}.Debug|Any CPU.Build.0 = Debug|Any CPU
		{827DD47C-7A7F-4320-A87C-094D2CD72D2A}.Release|Any CPU.ActiveCfg = Release|Any CPU
		{827DD47C-7A7F-4320-A87C-094D2CD72D2A}.Release|Any CPU.Build.0 = Release|Any CPU
		{09A0657A-25C7-4829-A0DF-EA0EB235225D}.Debug|Any CPU.ActiveCfg = Debug|Any CPU
		{09A0657A-25C7-4829-A0DF-EA0EB235225D}.Debug|Any CPU.Build.0 = Debug|Any CPU
		{09A0657A-25C7-4829-A0DF-EA0EB235225D}.Release|Any CPU.ActiveCfg = Release|Any CPU
		{09A0657A-25C7-4829-A0DF-EA0EB235225D}.Release|Any CPU.Build.0 = Release|Any CPU
	EndGlobalSection
	GlobalSection(SolutionProperties) = preSolution
		HideSolutionNode = FALSE
	EndGlobalSection
	GlobalSection(ExtensibilityGlobals) = postSolution
		SolutionGuid = {C231EEAF-266D-42E5-BC2B-48715D690AB3}
	EndGlobalSection
	GlobalSection(TeamFoundationVersionControl) = preSolution
		SccNumberOfProjects = 2
		SccEnterpriseProvider = {4CA58AB2-18FA-4F8D-95D4-32DDF27D184C}
		SccTeamFoundationServer = http://150.214.150.139:8080/tfs/2017-dra-alumnos
		SccProjectUniqueName0 = SaludoMVVMWpfApplication\\SaludoMVVMWpfApplication.csproj
		SccProjectName0 = SaludoMVVMWpfApplication
		SccAuxPath0 = http://150.214.150.139:8080/tfs/2017-dra-alumnos
		SccLocalPath0 = SaludoMVVMWpfApplication
		SccProvider0 = {4CA58AB2-18FA-4F8D-95D4-32DDF27D184C}
		SccProjectUniqueName1 = SumaMVVMWpfApplication\\SumaMVVMWpfApplication.csproj
		SccProjectName1 = SumaMVVMWpfApplication
		SccAuxPath1 = http://150.214.150.139:8080/tfs/2017-dra-alumnos
		SccLocalPath1 = SumaMVVMWpfApplication
		SccProvider1 = {4CA58AB2-18FA-4F8D-95D4-32DDF27D184C}
	EndGlobalSection
EndGlobal
