
Microsoft Visual Studio Solution File, Format Version 12.00
# Visual Studio 2013
VisualStudioVersion = 12.0.21005.1
MinimumVisualStudioVersion = 10.0.40219.1
Project("{FAE04EC0-301F-11D3-BF4B-00C04F79EFBC}") = "HolaMundoMVVMWpfApplication", "HolaMundoMVVMWpfApplication\HolaMundoMVVMWpfApplication.csproj", "{EF222A06-74B1-4AFF-9B9F-D1D6122D728B}"
EndProject
Project("{FAE04EC0-301F-11D3-BF4B-00C04F79EFBC}") = "SumaMVVMWpfApplication", "SumaMVVMWpfApplication\SumaMVVMWpfApplication.csproj", "{09A0657A-25C7-4829-A0DF-EA0EB235225D}"
EndProject
Project("{FAE04EC0-301F-11D3-BF4B-00C04F79EFBC}") = "SampleMVVMWpfApplication", "SampleMVVMWpfApplication\SampleMVVMWpfApplication.csproj", "{804F5FAE-CB91-455C-AFFB-910259C07E2C}"
EndProject
Project("{FAE04EC0-301F-11D3-BF4B-00C04F79EFBC}") = "MVVMBasicoWpfApp", "MVVMBasicoWpfApp\MVVMBasicoWpfApp.csproj", "{155BA8BB-3DE2-4B14-82B1-0E2BE959DF2D}"
EndProject
Project("{FAE04EC0-301F-11D3-BF4B-00C04F79EFBC}") = "MVVMDIWpfApp", "MVVMDIWpfApp\MVVMDIWpfApp.csproj", "{0B73E520-1EFF-4201-9E6E-4D8A70452DC2}"
EndProject
Global
	GlobalSection(TeamFoundationVersionControl) = preSolution
		SccNumberOfProjects = 6
		SccEnterpriseProvider = {4CA58AB2-18FA-4F8D-95D4-32DDF27D184C}
		SccTeamFoundationServer = http://ginebra.ual.es:8080/tfs/2013-dra
		SccLocalPath0 = .
		SccProjectUniqueName1 = HolaMundoMVVMWpfApplication\\HolaMundoMVVMWpfApplication.csproj
		SccProjectName1 = HolaMundoMVVMWpfApplication
		SccLocalPath1 = HolaMundoMVVMWpfApplication
		SccProjectUniqueName2 = SumaMVVMWpfApplication\\SumaMVVMWpfApplication.csproj
		SccProjectName2 = SumaMVVMWpfApplication
		SccLocalPath2 = SumaMVVMWpfApplication
		SccProjectUniqueName3 = SampleMVVMWpfApplication\\SampleMVVMWpfApplication.csproj
		SccProjectName3 = SampleMVVMWpfApplication
		SccLocalPath3 = SampleMVVMWpfApplication
		SccProjectUniqueName4 = MVVMBasicoWpfApp\\MVVMBasicoWpfApp.csproj
		SccProjectName4 = MVVMBasicoWpfApp
		SccLocalPath4 = MVVMBasicoWpfApp
		SccProjectUniqueName5 = MVVMDIWpfApp\\MVVMDIWpfApp.csproj
		SccProjectName5 = MVVMDIWpfApp
		SccLocalPath5 = MVVMDIWpfApp
	EndGlobalSection
	GlobalSection(SolutionConfigurationPlatforms) = preSolution
		Debug|Any CPU = Debug|Any CPU
		Release|Any CPU = Release|Any CPU
	EndGlobalSection
	GlobalSection(ProjectConfigurationPlatforms) = postSolution
		{EF222A06-74B1-4AFF-9B9F-D1D6122D728B}.Debug|Any CPU.ActiveCfg = Debug|Any CPU
		{EF222A06-74B1-4AFF-9B9F-D1D6122D728B}.Debug|Any CPU.Build.0 = Debug|Any CPU
		{EF222A06-74B1-4AFF-9B9F-D1D6122D728B}.Release|Any CPU.ActiveCfg = Release|Any CPU
		{EF222A06-74B1-4AFF-9B9F-D1D6122D728B}.Release|Any CPU.Build.0 = Release|Any CPU
		{09A0657A-25C7-4829-A0DF-EA0EB235225D}.Debug|Any CPU.ActiveCfg = Debug|Any CPU
		{09A0657A-25C7-4829-A0DF-EA0EB235225D}.Debug|Any CPU.Build.0 = Debug|Any CPU
		{09A0657A-25C7-4829-A0DF-EA0EB235225D}.Release|Any CPU.ActiveCfg = Release|Any CPU
		{09A0657A-25C7-4829-A0DF-EA0EB235225D}.Release|Any CPU.Build.0 = Release|Any CPU
		{804F5FAE-CB91-455C-AFFB-910259C07E2C}.Debug|Any CPU.ActiveCfg = Debug|Any CPU
		{804F5FAE-CB91-455C-AFFB-910259C07E2C}.Debug|Any CPU.Build.0 = Debug|Any CPU
		{804F5FAE-CB91-455C-AFFB-910259C07E2C}.Release|Any CPU.ActiveCfg = Release|Any CPU
		{804F5FAE-CB91-455C-AFFB-910259C07E2C}.Release|Any CPU.Build.0 = Release|Any CPU
		{155BA8BB-3DE2-4B14-82B1-0E2BE959DF2D}.Debug|Any CPU.ActiveCfg = Debug|Any CPU
		{155BA8BB-3DE2-4B14-82B1-0E2BE959DF2D}.Debug|Any CPU.Build.0 = Debug|Any CPU
		{155BA8BB-3DE2-4B14-82B1-0E2BE959DF2D}.Release|Any CPU.ActiveCfg = Release|Any CPU
		{155BA8BB-3DE2-4B14-82B1-0E2BE959DF2D}.Release|Any CPU.Build.0 = Release|Any CPU
		{0B73E520-1EFF-4201-9E6E-4D8A70452DC2}.Debug|Any CPU.ActiveCfg = Debug|Any CPU
		{0B73E520-1EFF-4201-9E6E-4D8A70452DC2}.Debug|Any CPU.Build.0 = Debug|Any CPU
		{0B73E520-1EFF-4201-9E6E-4D8A70452DC2}.Release|Any CPU.ActiveCfg = Release|Any CPU
		{0B73E520-1EFF-4201-9E6E-4D8A70452DC2}.Release|Any CPU.Build.0 = Release|Any CPU
	EndGlobalSection
	GlobalSection(SolutionProperties) = preSolution
		HideSolutionNode = FALSE
	EndGlobalSection
EndGlobal
